
Microsoft Visual Studio Solution File, Format Version 12.00
# Visual Studio 14
VisualStudioVersion = 14.0.22609.0
MinimumVisualStudioVersion = 10.0.40219.1
Project("{FAE04EC0-301F-11D3-BF4B-00C04F79EFBC}") = "RxStreamManagement.Server", "RxStreamManagement.Server\RxStreamManagement.Server.csproj", "{2EA95C43-255B-4A0B-94FE-73245B068561}"
EndProject
Project("{FAE04EC0-301F-11D3-BF4B-00C04F79EFBC}") = "RxStreamManagement.Server.Tests", "RxStreamManagement.Server.Tests\RxStreamManagement.Server.Tests.csproj", "{AF7FACCA-26D3-4E06-96A7-C133468A8374}"
EndProject
Project("{FAE04EC0-301F-11D3-BF4B-00C04F79EFBC}") = "RxStreamManagement.TestClient", "RxStreamManagement.TestClient\RxStreamManagement.TestClient.csproj", "{26D6E418-892E-4D81-B6A5-1959B8402308}"
EndProject
Global
	GlobalSection(SolutionConfigurationPlatforms) = preSolution
		Debug|Any CPU = Debug|Any CPU
		Release|Any CPU = Release|Any CPU
	EndGlobalSection
	GlobalSection(ProjectConfigurationPlatforms) = postSolution
		{2EA95C43-255B-4A0B-94FE-73245B068561}.Debug|Any CPU.ActiveCfg = Debug|Any CPU
		{2EA95C43-255B-4A0B-94FE-73245B068561}.Debug|Any CPU.Build.0 = Debug|Any CPU
		{2EA95C43-255B-4A0B-94FE-73245B068561}.Release|Any CPU.ActiveCfg = Release|Any CPU
		{2EA95C43-255B-4A0B-94FE-73245B068561}.Release|Any CPU.Build.0 = Release|Any CPU
		{AF7FACCA-26D3-4E06-96A7-C133468A8374}.Debug|Any CPU.ActiveCfg = Debug|Any CPU
		{AF7FACCA-26D3-4E06-96A7-C133468A8374}.Debug|Any CPU.Build.0 = Debug|Any CPU
		{AF7FACCA-26D3-4E06-96A7-C133468A8374}.Release|Any CPU.ActiveCfg = Release|Any CPU
		{AF7FACCA-26D3-4E06-96A7-C133468A8374}.Release|Any CPU.Build.0 = Release|Any CPU
		{26D6E418-892E-4D81-B6A5-1959B8402308}.Debug|Any CPU.ActiveCfg = Debug|Any CPU
		{26D6E418-892E-4D81-B6A5-1959B8402308}.Debug|Any CPU.Build.0 = Debug|Any CPU
		{26D6E418-892E-4D81-B6A5-1959B8402308}.Release|Any CPU.ActiveCfg = Release|Any CPU
		{26D6E418-892E-4D81-B6A5-1959B8402308}.Release|Any CPU.Build.0 = Release|Any CPU
	EndGlobalSection
	GlobalSection(SolutionProperties) = preSolution
		HideSolutionNode = FALSE
	EndGlobalSection
EndGlobal
